{
  "name": "chartstyle",
  "version": "1.0.0",
  "lockfileVersion": 3,
  "requires": true,
  "packages": {
    "": {
      "name": "chartstyle",
      "version": "1.0.0",
      "license": "ISC",
      "dependencies": {
        "@antv/my-f2": "1.1.6",
        "antd-mini": "^1.10.5"
      }
    },
    "node_modules/@antv/adjust": {
      "version": "0.1.1",
      "resolved": "https://registry.npmjs.org/@antv/adjust/-/adjust-0.1.1.tgz",
      "integrity": "sha512-9FaMOyBlM4AgoRL0b5o0VhEKAYkexBNUrxV8XmpHU/9NBPJONBOB/NZUlQDqxtLItrt91tCfbAuMQmF529UX2Q==",
      "dependencies": {
        "@antv/util": "~1.3.1"
      }
    },
    "node_modules/@antv/adjust/node_modules/@antv/util": {
      "version": "1.3.1",
      "resolved": "https://registry.npmjs.org/@antv/util/-/util-1.3.1.tgz",
      "integrity": "sha512-cbUta0hIJrKEaW3eKoGarz3Ita+9qUPF2YzTj8A6wds/nNiy20G26ztIWHU+5ThLc13B1n5Ik52LbaCaeg9enA==",
      "dependencies": {
        "@antv/gl-matrix": "^2.7.1"
      }
    },
    "node_modules/@antv/attr": {
      "version": "0.1.2",
      "resolved": "https://registry.npmjs.org/@antv/attr/-/attr-0.1.2.tgz",
      "integrity": "sha512-QXjP+T2I+pJQcwZx1oCA4tipG43vgeCeKcGGKahlcxb71OBAzjJZm1QbF4frKXcnOqRkxVXtCr70X9TRair3Ew==",
      "dependencies": {
        "@antv/util": "~1.3.1"
      }
    },
    "node_modules/@antv/attr/node_modules/@antv/util": {
      "version": "1.3.1",
      "resolved": "https://registry.npmjs.org/@antv/util/-/util-1.3.1.tgz",
      "integrity": "sha512-cbUta0hIJrKEaW3eKoGarz3Ita+9qUPF2YzTj8A6wds/nNiy20G26ztIWHU+5ThLc13B1n5Ik52LbaCaeg9enA==",
      "dependencies": {
        "@antv/gl-matrix": "^2.7.1"
      }
    },
    "node_modules/@antv/f2": {
      "version": "3.3.9",
      "resolved": "https://registry.npmjs.org/@antv/f2/-/f2-3.3.9.tgz",
      "integrity": "sha512-MOVhfAt5Hh8Z70sqd8zZT/Xj3FM7ow0SCCK81NKXQP2u2sJCHrZcWK9K8guz7vDQ8w5xqI7fXuaaXHwgY+ZO4g==",
      "dependencies": {
        "@antv/adjust": "~0.1.1",
        "@antv/attr": "~0.1.0",
        "@antv/scale": "~0.1.2",
        "@antv/util": "~1.2.5",
        "hammerjs": "^2.0.8"
      }
    },
    "node_modules/@antv/gl-matrix": {
      "version": "2.7.1",
      "resolved": "https://registry.npmjs.org/@antv/gl-matrix/-/gl-matrix-2.7.1.tgz",
      "integrity": "sha512-oOWcVNlpELIKi9x+Mm1Vwbz8pXfkbJKykoCIOJ/dNK79hSIANbpXJ5d3Rra9/wZqK6MC961B7sybFhPlLraT3Q=="
    },
    "node_modules/@antv/my-f2": {
      "version": "1.1.6",
      "resolved": "https://registry.npmjs.org/@antv/my-f2/-/my-f2-1.1.6.tgz",
      "integrity": "sha512-sENiht7ZY/9Av/fbMhB/UjDEbQA75W9eePJQduJNynF75Uh8FIzzKs5yuBz0cXJ4Pa51Pm+oGBDGKowHcSzPpw==",
      "dependencies": {
        "@antv/f2": "~3.3.5",
        "wolfy87-eventemitter": "^5.2.4"
      }
    },
    "node_modules/@antv/scale": {
      "version": "0.1.5",
      "resolved": "https://registry.npmjs.org/@antv/scale/-/scale-0.1.5.tgz",
      "integrity": "sha512-7RAu4iH5+Hk21h6+aBMiDTfmLf4IibK2SWjx/+E4f4AXRpqucO+8u7IbZdFkakAWxvqhJtN3oePJuTKqOMcmlg==",
      "dependencies": {
        "@antv/util": "~1.3.1",
        "fecha": "~2.3.3"
      }
    },
    "node_modules/@antv/scale/node_modules/@antv/util": {
      "version": "1.3.1",
      "resolved": "https://registry.npmjs.org/@antv/util/-/util-1.3.1.tgz",
      "integrity": "sha512-cbUta0hIJrKEaW3eKoGarz3Ita+9qUPF2YzTj8A6wds/nNiy20G26ztIWHU+5ThLc13B1n5Ik52LbaCaeg9enA==",
      "dependencies": {
        "@antv/gl-matrix": "^2.7.1"
      }
    },
    "node_modules/@antv/util": {
      "version": "1.2.5",
      "resolved": "https://registry.npmjs.org/@antv/util/-/util-1.2.5.tgz",
      "integrity": "sha512-yz1AjXSEjNu9O5kK9pqKq69f/Iliu/IA3XXljUcfrlbUtmUJ0CH1tB5I60vPqfaKaUPhz+/35K+56yqaCsGmqA==",
      "dependencies": {
        "@antv/gl-matrix": "^2.7.1"
      }
    },
    "node_modules/@mini-types/alipay": {
      "version": "3.0.9",
      "resolved": "https://registry.npmjs.org/@mini-types/alipay/-/alipay-3.0.9.tgz",
      "integrity": "sha512-1m9fi0EvBFan6DD4hY5MroZeuTckuQtrKbhDg1mnTrt8bmSKnCDI3m6IcZtuB3d0JulAq3NC1TadcLsYmCiYZQ==",
      "dependencies": {
        "@mini-types/global": "3.0.9",
        "@mini-types/my": "3.0.9"
      }
    },
    "node_modules/@mini-types/global": {
      "version": "3.0.9",
      "resolved": "https://registry.npmjs.org/@mini-types/global/-/global-3.0.9.tgz",
      "integrity": "sha512-8nDTczh1T11ycoy23QS5nsKxYHT0r+iV713HKLU/JbZwVYUrT6UYGyPyNs1zf8ztpusAyaoiUHrBQ4XJTNftKQ=="
    },
    "node_modules/@mini-types/my": {
      "version": "3.0.9",
      "resolved": "https://registry.npmjs.org/@mini-types/my/-/my-3.0.9.tgz",
      "integrity": "sha512-gkzkeb9dJN3qHKFZ89yTJCp7xxQG11vbnCQIOHQ9AK1GYO0SC31w9bnVB28iZQzRgo/M6hP2YW6wk3SRLXh+yg=="
    },
    "node_modules/antd-mini": {
      "version": "1.10.5",
      "resolved": "https://registry.npmjs.org/antd-mini/-/antd-mini-1.10.5.tgz",
      "integrity": "sha512-dJz5GElcmun8XwZLCRzFwb+cIS9wdWkOF1bdTSRpXgwavkcgNDo+D2GbNwwA8S4r0KuahHAMH3M4vvLVU58qcA==",
      "dependencies": {
        "@mini-types/alipay": "^3.0.5",
        "async-validator": "^4.0.7",
        "dayjs": "^1.11.3",
        "fast-deep-equal": "3.1.3",
        "tslib": "2.5.0"
      }
    },
    "node_modules/async-validator": {
      "version": "4.2.5",
      "resolved": "https://registry.npmjs.org/async-validator/-/async-validator-4.2.5.tgz",
      "integrity": "sha512-7HhHjtERjqlNbZtqNqy2rckN/SpOOlmDliet+lP7k+eKZEjPk3DgyeU9lIXLdeLz0uBbbVp+9Qdow9wJWgwwfg=="
    },
    "node_modules/dayjs": {
      "version": "1.11.9",
      "resolved": "https://registry.npmjs.org/dayjs/-/dayjs-1.11.9.tgz",
      "integrity": "sha512-QvzAURSbQ0pKdIye2txOzNaHmxtUBXerpY0FJsFXUMKbIZeFm5ht1LS/jFsrncjnmtv8HsG0W2g6c0zUjZWmpA=="
    },
    "node_modules/fast-deep-equal": {
      "version": "3.1.3",
      "resolved": "https://registry.npmjs.org/fast-deep-equal/-/fast-deep-equal-3.1.3.tgz",
      "integrity": "sha512-f3qQ9oQy9j2AhBe/H9VC91wLmKBCCU/gDOnKNAYG5hswO7BLKj09Hc5HYNz9cGI++xlpDCIgDaitVs03ATR84Q=="
    },
    "node_modules/fecha": {
      "version": "2.3.3",
      "resolved": "https://registry.npmjs.org/fecha/-/fecha-2.3.3.tgz",
      "integrity": "sha512-lUGBnIamTAwk4znq5BcqsDaxSmZ9nDVJaij6NvRt/Tg4R69gERA+otPKbS86ROw9nxVMw2/mp1fnaiWqbs6Sdg=="
    },
    "node_modules/hammerjs": {
      "version": "2.0.8",
      "resolved": "https://registry.npmjs.org/hammerjs/-/hammerjs-2.0.8.tgz",
      "integrity": "sha512-tSQXBXS/MWQOn/RKckawJ61vvsDpCom87JgxiYdGwHdOa0ht0vzUWDlfioofFCRU0L+6NGDt6XzbgoJvZkMeRQ==",
      "engines": {
        "node": ">=0.8.0"
      }
    },
    "node_modules/tslib": {
      "version": "2.5.0",
      "resolved": "https://registry.npmjs.org/tslib/-/tslib-2.5.0.tgz",
      "integrity": "sha512-336iVw3rtn2BUK7ORdIAHTyxHGRIHVReokCR3XjbckJMK7ms8FysBfhLR8IXnAgy7T0PTPNBWKiH514FOW/WSg=="
    },
    "node_modules/wolfy87-eventemitter": {
      "version": "5.2.9",
      "resolved": "https://registry.npmjs.org/wolfy87-eventemitter/-/wolfy87-eventemitter-5.2.9.tgz",
      "integrity": "sha512-P+6vtWyuDw+MB01X7UeF8TaHBvbCovf4HPEMF/SV7BdDc1SMTiBy13SRD71lQh4ExFTG1d/WNzDGDCyOKSMblw=="
    }
  }
}
